
Microsoft Visual Studio Solution File, Format Version 12.00
# Visual Studio Version 17
VisualStudioVersion = 17.1.32228.430
MinimumVisualStudioVersion = 10.0.40219.1
Project("{FAE04EC0-301F-11D3-BF4B-00C04F79EFBC}") = "MergeSort", "MergeSort.csproj", "{36A42F49-DFE3-4CB6-B225-82E4C7F334CF}"
EndProject
Global
	GlobalSection(SolutionConfigurationPlatforms) = preSolution
		Debug|Any CPU = Debug|Any CPU
		Release|Any CPU = Release|Any CPU
	EndGlobalSection
	GlobalSection(ProjectConfigurationPlatforms) = postSolution
		{36A42F49-DFE3-4CB6-B225-82E4C7F334CF}.Debug|Any CPU.ActiveCfg = Debug|Any CPU
		{36A42F49-DFE3-4CB6-B225-82E4C7F334CF}.Debug|Any CPU.Build.0 = Debug|Any CPU
		{36A42F49-DFE3-4CB6-B225-82E4C7F334CF}.Release|Any CPU.ActiveCfg = Release|Any CPU
		{36A42F49-DFE3-4CB6-B225-82E4C7F334CF}.Release|Any CPU.Build.0 = Release|Any CPU
	EndGlobalSection
	GlobalSection(SolutionProperties) = preSolution
		HideSolutionNode = FALSE
	EndGlobalSection
	GlobalSection(ExtensibilityGlobals) = postSolution
		SolutionGuid = {3315D4E5-906D-4250-A248-B50FBE0ECE6D}
	EndGlobalSection
EndGlobal
